
Microsoft Visual Studio Solution File, Format Version 12.00
# Visual Studio Version 16
VisualStudioVersion = 16.0.31129.286
MinimumVisualStudioVersion = 10.0.40219.1
Project("{FAE04EC0-301F-11D3-BF4B-00C04F79EFBC}") = "ServiceProvider", "ServiceProvider\ServiceProvider.csproj", "{5AA624A6-CBA1-4810-8426-B0CC6C10B17A}"
EndProject
Project("{FAE04EC0-301F-11D3-BF4B-00C04F79EFBC}") = "APIClasses", "APIClasses\APIClasses.csproj", "{81B2133A-B843-4E0E-B733-01E74C4C176A}"
EndProject
Project("{FAE04EC0-301F-11D3-BF4B-00C04F79EFBC}") = "Authenticator", "Authenticator\Authenticator.csproj", "{F39817EF-AF3A-4193-BA17-EF0DB8A0673F}"
EndProject
Project("{FAE04EC0-301F-11D3-BF4B-00C04F79EFBC}") = "ServerInterfaceLib", "ServerInterfaceLib\ServerInterfaceLib.csproj", "{32563036-C03F-4CCF-A410-1213664E46AA}"
EndProject
Project("{FAE04EC0-301F-11D3-BF4B-00C04F79EFBC}") = "ServicePublishingConsole", "ServicePublishingConsole\ServicePublishingConsole.csproj", "{1E379BD6-E7B1-4FC6-A86B-C38FD28C69D8}"
EndProject
Global
	GlobalSection(SolutionConfigurationPlatforms) = preSolution
		Debug|Any CPU = Debug|Any CPU
		Release|Any CPU = Release|Any CPU
	EndGlobalSection
	GlobalSection(ProjectConfigurationPlatforms) = postSolution
		{5AA624A6-CBA1-4810-8426-B0CC6C10B17A}.Debug|Any CPU.ActiveCfg = Debug|Any CPU
		{5AA624A6-CBA1-4810-8426-B0CC6C10B17A}.Debug|Any CPU.Build.0 = Debug|Any CPU
		{5AA624A6-CBA1-4810-8426-B0CC6C10B17A}.Release|Any CPU.ActiveCfg = Release|Any CPU
		{5AA624A6-CBA1-4810-8426-B0CC6C10B17A}.Release|Any CPU.Build.0 = Release|Any CPU
		{81B2133A-B843-4E0E-B733-01E74C4C176A}.Debug|Any CPU.ActiveCfg = Debug|Any CPU
		{81B2133A-B843-4E0E-B733-01E74C4C176A}.Debug|Any CPU.Build.0 = Debug|Any CPU
		{81B2133A-B843-4E0E-B733-01E74C4C176A}.Release|Any CPU.ActiveCfg = Release|Any CPU
		{81B2133A-B843-4E0E-B733-01E74C4C176A}.Release|Any CPU.Build.0 = Release|Any CPU
		{F39817EF-AF3A-4193-BA17-EF0DB8A0673F}.Debug|Any CPU.ActiveCfg = Debug|Any CPU
		{F39817EF-AF3A-4193-BA17-EF0DB8A0673F}.Debug|Any CPU.Build.0 = Debug|Any CPU
		{F39817EF-AF3A-4193-BA17-EF0DB8A0673F}.Release|Any CPU.ActiveCfg = Release|Any CPU
		{F39817EF-AF3A-4193-BA17-EF0DB8A0673F}.Release|Any CPU.Build.0 = Release|Any CPU
		{32563036-C03F-4CCF-A410-1213664E46AA}.Debug|Any CPU.ActiveCfg = Debug|Any CPU
		{32563036-C03F-4CCF-A410-1213664E46AA}.Debug|Any CPU.Build.0 = Debug|Any CPU
		{32563036-C03F-4CCF-A410-1213664E46AA}.Release|Any CPU.ActiveCfg = Release|Any CPU
		{32563036-C03F-4CCF-A410-1213664E46AA}.Release|Any CPU.Build.0 = Release|Any CPU
		{1E379BD6-E7B1-4FC6-A86B-C38FD28C69D8}.Debug|Any CPU.ActiveCfg = Debug|Any CPU
		{1E379BD6-E7B1-4FC6-A86B-C38FD28C69D8}.Debug|Any CPU.Build.0 = Debug|Any CPU
		{1E379BD6-E7B1-4FC6-A86B-C38FD28C69D8}.Release|Any CPU.ActiveCfg = Release|Any CPU
		{1E379BD6-E7B1-4FC6-A86B-C38FD28C69D8}.Release|Any CPU.Build.0 = Release|Any CPU
	EndGlobalSection
	GlobalSection(SolutionProperties) = preSolution
		HideSolutionNode = FALSE
	EndGlobalSection
	GlobalSection(ExtensibilityGlobals) = postSolution
		SolutionGuid = {C4D263D4-2CBD-4603-A5F5-BD25B2BAD43D}
	EndGlobalSection
EndGlobal
